
Microsoft Visual Studio Solution File, Format Version 12.00
# Visual Studio Version 17
VisualStudioVersion = 17.13.35913.81 d17.13
MinimumVisualStudioVersion = 10.0.40219.1
Project("{FAE04EC0-301F-11D3-BF4B-00C04F79EFBC}") = "FirstProject", "FirstProject.csproj", "{CA96D30A-1031-4011-ABFB-5B405C9BD2F0}"
EndProject
Global
	GlobalSection(SolutionConfigurationPlatforms) = preSolution
		Debug|Any CPU = Debug|Any CPU
		Release|Any CPU = Release|Any CPU
	EndGlobalSection
	GlobalSection(ProjectConfigurationPlatforms) = postSolution
		{CA96D30A-1031-4011-ABFB-5B405C9BD2F0}.Debug|Any CPU.ActiveCfg = Debug|Any CPU
		{CA96D30A-1031-4011-ABFB-5B405C9BD2F0}.Debug|Any CPU.Build.0 = Debug|Any CPU
		{CA96D30A-1031-4011-ABFB-5B405C9BD2F0}.Release|Any CPU.ActiveCfg = Release|Any CPU
		{CA96D30A-1031-4011-ABFB-5B405C9BD2F0}.Release|Any CPU.Build.0 = Release|Any CPU
	EndGlobalSection
	GlobalSection(SolutionProperties) = preSolution
		HideSolutionNode = FALSE
	EndGlobalSection
	GlobalSection(ExtensibilityGlobals) = postSolution
		SolutionGuid = {4699F6C4-EBF6-480B-8BD1-AB630FA8E120}
	EndGlobalSection
EndGlobal
