
Microsoft Visual Studio Solution File, Format Version 12.00
# Visual Studio Version 17
VisualStudioVersion = 17.13.35931.197 d17.13
MinimumVisualStudioVersion = 10.0.40219.1
Project("{FAE04EC0-301F-11D3-BF4B-00C04F79EFBC}") = "PlayingCardProject", "PlayingCardProject.csproj", "{49764163-0A27-41F8-801A-2823FE7FDCA8}"
EndProject
Global
	GlobalSection(SolutionConfigurationPlatforms) = preSolution
		Debug|Any CPU = Debug|Any CPU
		Release|Any CPU = Release|Any CPU
	EndGlobalSection
	GlobalSection(ProjectConfigurationPlatforms) = postSolution
		{49764163-0A27-41F8-801A-2823FE7FDCA8}.Debug|Any CPU.ActiveCfg = Debug|Any CPU
		{49764163-0A27-41F8-801A-2823FE7FDCA8}.Debug|Any CPU.Build.0 = Debug|Any CPU
		{49764163-0A27-41F8-801A-2823FE7FDCA8}.Release|Any CPU.ActiveCfg = Release|Any CPU
		{49764163-0A27-41F8-801A-2823FE7FDCA8}.Release|Any CPU.Build.0 = Release|Any CPU
	EndGlobalSection
	GlobalSection(SolutionProperties) = preSolution
		HideSolutionNode = FALSE
	EndGlobalSection
	GlobalSection(ExtensibilityGlobals) = postSolution
		SolutionGuid = {A7CE44CA-ECD8-465A-B445-4EF062331E6B}
	EndGlobalSection
EndGlobal
