
Microsoft Visual Studio Solution File, Format Version 12.00
# Visual Studio Version 17
VisualStudioVersion = 17.13.35931.197 d17.13
MinimumVisualStudioVersion = 10.0.40219.1
Project("{FAE04EC0-301F-11D3-BF4B-00C04F79EFBC}") = "ShoppingList", "ShoppingList.csproj", "{DC8E1E83-0453-47BD-8E12-97BC495011C2}"
EndProject
Global
	GlobalSection(SolutionConfigurationPlatforms) = preSolution
		Debug|Any CPU = Debug|Any CPU
		Release|Any CPU = Release|Any CPU
	EndGlobalSection
	GlobalSection(ProjectConfigurationPlatforms) = postSolution
		{DC8E1E83-0453-47BD-8E12-97BC495011C2}.Debug|Any CPU.ActiveCfg = Debug|Any CPU
		{DC8E1E83-0453-47BD-8E12-97BC495011C2}.Debug|Any CPU.Build.0 = Debug|Any CPU
		{DC8E1E83-0453-47BD-8E12-97BC495011C2}.Release|Any CPU.ActiveCfg = Release|Any CPU
		{DC8E1E83-0453-47BD-8E12-97BC495011C2}.Release|Any CPU.Build.0 = Release|Any CPU
	EndGlobalSection
	GlobalSection(SolutionProperties) = preSolution
		HideSolutionNode = FALSE
	EndGlobalSection
	GlobalSection(ExtensibilityGlobals) = postSolution
		SolutionGuid = {C5B988F2-7570-4CEE-BE5B-B674F9D85BFF}
	EndGlobalSection
EndGlobal
